// !$*UTF8*$!
{
	archiveVersion = 1;
	classes = {
	};
	objectVersion = 46;
	objects = {

/* Begin PBXBuildFile section */
		E7C304AD1B0BC13200234587 /* MapAnnotation.m in Sources */ = {isa = PBXBuildFile; fileRef = E7C304AC1B0BC13200234587 /* MapAnnotation.m */; };
		E7C8FB141B0799D5000CD285 /* main.m in Sources */ = {isa = PBXBuildFile; fileRef = E7C8FB131B0799D5000CD285 /* main.m */; };
		E7C8FB171B0799D5000CD285 /* AppDelegate.m in Sources */ = {isa = PBXBuildFile; fileRef = E7C8FB161B0799D5000CD285 /* AppDelegate.m */; };
		E7C8FB1A1B0799D5000CD285 /* ViewController.m in Sources */ = {isa = PBXBuildFile; fileRef = E7C8FB191B0799D5000CD285 /* ViewController.m */; };
		E7C8FB1D1B0799D5000CD285 /* Main.storyboard in Resources */ = {isa = PBXBuildFile; fileRef = E7C8FB1B1B0799D5000CD285 /* Main.storyboard */; };
		E7C8FB1F1B0799D5000CD285 /* Images.xcassets in Resources */ = {isa = PBXBuildFile; fileRef = E7C8FB1E1B0799D5000CD285 /* Images.xcassets */; };
		E7C8FB221B0799D5000CD285 /* LaunchScreen.xib in Resources */ = {isa = PBXBuildFile; fileRef = E7C8FB201B0799D5000CD285 /* LaunchScreen.xib */; };
		E7C8FB2E1B0799D5000CD285 /* YouthHostelsLombardyTests.m in Sources */ = {isa = PBXBuildFile; fileRef = E7C8FB2D1B0799D5000CD285 /* YouthHostelsLombardyTests.m */; };
		E7C8FB391B079FB6000CD285 /* location.png in Resources */ = {isa = PBXBuildFile; fileRef = E7C8FB381B079FB6000CD285 /* location.png */; };
		E7C8FB3C1B07A278000CD285 /* DetailViewController.m in Sources */ = {isa = PBXBuildFile; fileRef = E7C8FB3B1B07A278000CD285 /* DetailViewController.m */; };
/* End PBXBuildFile section */

/* Begin PBXContainerItemProxy section */
		E7C8FB281B0799D5000CD285 /* PBXContainerItemProxy */ = {
			isa = PBXContainerItemProxy;
			containerPortal = E7C8FB061B0799D5000CD285 /* Project object */;
			proxyType = 1;
			remoteGlobalIDString = E7C8FB0D1B0799D5000CD285;
			remoteInfo = YouthHostelsLombardy;
		};
/* End PBXContainerItemProxy section */

/* Begin PBXFileReference section */
		E7C304AB1B0BC13200234587 /* MapAnnotation.h */ = {isa = PBXFileReference; fileEncoding = 4; lastKnownFileType = sourcecode.c.h; path = MapAnnotation.h; sourceTree = "<group>"; };
		E7C304AC1B0BC13200234587 /* MapAnnotation.m */ = {isa = PBXFileReference; fileEncoding = 4; lastKnownFileType = sourcecode.c.objc; path = MapAnnotation.m; sourceTree = "<group>"; };
		E7C8FB0E1B0799D5000CD285 /* YouthHostelsLombardy.app */ = {isa = PBXFileReference; explicitFileType = wrapper.application; includeInIndex = 0; path = YouthHostelsLombardy.app; sourceTree = BUILT_PRODUCTS_DIR; };
		E7C8FB121B0799D5000CD285 /* Info.plist */ = {isa = PBXFileReference; lastKnownFileType = text.plist.xml; path = Info.plist; sourceTree = "<group>"; };
		E7C8FB131B0799D5000CD285 /* main.m */ = {isa = PBXFileReference; lastKnownFileType = sourcecode.c.objc; path = main.m; sourceTree = "<group>"; };
		E7C8FB151B0799D5000CD285 /* AppDelegate.h */ = {isa = PBXFileReference; lastKnownFileType = sourcecode.c.h; path = AppDelegate.h; sourceTree = "<group>"; };
		E7C8FB161B0799D5000CD285 /* AppDelegate.m */ = {isa = PBXFileReference; lastKnownFileType = sourcecode.c.objc; path = AppDelegate.m; sourceTree = "<group>"; };
		E7C8FB181B0799D5000CD285 /* ViewController.h */ = {isa = PBXFileReference; lastKnownFileType = sourcecode.c.h; path = ViewController.h; sourceTree = "<group>"; };
		E7C8FB191B0799D5000CD285 /* ViewController.m */ = {isa = PBXFileReference; lastKnownFileType = sourcecode.c.objc; path = ViewController.m; sourceTree = "<group>"; };
		E7C8FB1C1B0799D5000CD285 /* Base */ = {isa = PBXFileReference; lastKnownFileType = file.storyboard; name = Base; path = Base.lproj/Main.storyboard; sourceTree = "<group>"; };
		E7C8FB1E1B0799D5000CD285 /* Images.xcassets */ = {isa = PBXFileReference; lastKnownFileType = folder.assetcatalog; path = Images.xcassets; sourceTree = "<group>"; };
		E7C8FB211B0799D5000CD285 /* Base */ = {isa = PBXFileReference; lastKnownFileType = file.xib; name = Base; path = Base.lproj/LaunchScreen.xib; sourceTree = "<group>"; };
		E7C8FB271B0799D5000CD285 /* YouthHostelsLombardyTests.xctest */ = {isa = PBXFileReference; explicitFileType = wrapper.cfbundle; includeInIndex = 0; path = YouthHostelsLombardyTests.xctest; sourceTree = BUILT_PRODUCTS_DIR; };
		E7C8FB2C1B0799D5000CD285 /* Info.plist */ = {isa = PBXFileReference; lastKnownFileType = text.plist.xml; path = Info.plist; sourceTree = "<group>"; };
		E7C8FB2D1B0799D5000CD285 /* YouthHostelsLombardyTests.m */ = {isa = PBXFileReference; lastKnownFileType = sourcecode.c.objc; path = YouthHostelsLombardyTests.m; sourceTree = "<group>"; };
		E7C8FB381B079FB6000CD285 /* location.png */ = {isa = PBXFileReference; lastKnownFileType = image.png; path = location.png; sourceTree = "<group>"; };
		E7C8FB3A1B07A278000CD285 /* DetailViewController.h */ = {isa = PBXFileReference; fileEncoding = 4; lastKnownFileType = sourcecode.c.h; path = DetailViewController.h; sourceTree = "<group>"; };
		E7C8FB3B1B07A278000CD285 /* DetailViewController.m */ = {isa = PBXFileReference; fileEncoding = 4; lastKnownFileType = sourcecode.c.objc; path = DetailViewController.m; sourceTree = "<group>"; };
/* End PBXFileReference section */

/* Begin PBXFrameworksBuildPhase section */
		E7C8FB0B1B0799D5000CD285 /* Frameworks */ = {
			isa = PBXFrameworksBuildPhase;
			buildActionMask = 2147483647;
			files = (
			);
			runOnlyForDeploymentPostprocessing = 0;
		};
		E7C8FB241B0799D5000CD285 /* Frameworks */ = {
			isa = PBXFrameworksBuildPhase;
			buildActionMask = 2147483647;
			files = (
			);
			runOnlyForDeploymentPostprocessing = 0;
		};
/* End PBXFrameworksBuildPhase section */

/* Begin PBXGroup section */
		E7C8FB051B0799D5000CD285 = {
			isa = PBXGroup;
			children = (
				E7C8FB101B0799D5000CD285 /* YouthHostelsLombardy */,
				E7C8FB2A1B0799D5000CD285 /* YouthHostelsLombardyTests */,
				E7C8FB0F1B0799D5000CD285 /* Products */,
			);
			sourceTree = "<group>";
		};
		E7C8FB0F1B0799D5000CD285 /* Products */ = {
			isa = PBXGroup;
			children = (
				E7C8FB0E1B0799D5000CD285 /* YouthHostelsLombardy.app */,
				E7C8FB271B0799D5000CD285 /* YouthHostelsLombardyTests.xctest */,
			);
			name = Products;
			sourceTree = "<group>";
		};
		E7C8FB101B0799D5000CD285 /* YouthHostelsLombardy */ = {
			isa = PBXGroup;
			children = (
				E7C8FB371B079F86000CD285 /* img */,
				E7C8FB151B0799D5000CD285 /* AppDelegate.h */,
				E7C8FB161B0799D5000CD285 /* AppDelegate.m */,
				E7C8FB181B0799D5000CD285 /* ViewController.h */,
				E7C8FB191B0799D5000CD285 /* ViewController.m */,
				E7C8FB3A1B07A278000CD285 /* DetailViewController.h */,
				E7C8FB3B1B07A278000CD285 /* DetailViewController.m */,
				E7C8FB1B1B0799D5000CD285 /* Main.storyboard */,
				E7C8FB1E1B0799D5000CD285 /* Images.xcassets */,
				E7C8FB201B0799D5000CD285 /* LaunchScreen.xib */,
				E7C8FB111B0799D5000CD285 /* Supporting Files */,
				E7C304AB1B0BC13200234587 /* MapAnnotation.h */,
				E7C304AC1B0BC13200234587 /* MapAnnotation.m */,
			);
			path = YouthHostelsLombardy;
			sourceTree = "<group>";
		};
		E7C8FB111B0799D5000CD285 /* Supporting Files */ = {
			isa = PBXGroup;
			children = (
				E7C8FB121B0799D5000CD285 /* Info.plist */,
				E7C8FB131B0799D5000CD285 /* main.m */,
			);
			name = "Supporting Files";
			sourceTree = "<group>";
		};
		E7C8FB2A1B0799D5000CD285 /* YouthHostelsLombardyTests */ = {
			isa = PBXGroup;
			children = (
				E7C8FB2D1B0799D5000CD285 /* YouthHostelsLombardyTests.m */,
				E7C8FB2B1B0799D5000CD285 /* Supporting Files */,
			);
			path = YouthHostelsLombardyTests;
			sourceTree = "<group>";
		};
		E7C8FB2B1B0799D5000CD285 /* Supporting Files */ = {
			isa = PBXGroup;
			children = (
				E7C8FB2C1B0799D5000CD285 /* Info.plist */,
			);
			name = "Supporting Files";
			sourceTree = "<group>";
		};
		E7C8FB371B079F86000CD285 /* img */ = {
			isa = PBXGroup;
			children = (
				E7C8FB381B079FB6000CD285 /* location.png */,
			);
			name = img;
			sourceTree = "<group>";
		};
/* End PBXGroup section */

/* Begin PBXNativeTarget section */
		E7C8FB0D1B0799D5000CD285 /* YouthHostelsLombardy */ = {
			isa = PBXNativeTarget;
			buildConfigurationList = E7C8FB311B0799D5000CD285 /* Build configuration list for PBXNativeTarget "YouthHostelsLombardy" */;
			buildPhases = (
				E7C8FB0A1B0799D5000CD285 /* Sources */,
				E7C8FB0B1B0799D5000CD285 /* Frameworks */,
				E7C8FB0C1B0799D5000CD285 /* Resources */,
			);
			buildRules = (
			);
			dependencies = (
			);
			name = YouthHostelsLombardy;
			productName = YouthHostelsLombardy;
			productReference = E7C8FB0E1B0799D5000CD285 /* YouthHostelsLombardy.app */;
			productType = "com.apple.product-type.application";
		};
		E7C8FB261B0799D5000CD285 /* YouthHostelsLombardyTests */ = {
			isa = PBXNativeTarget;
			buildConfigurationList = E7C8FB341B0799D5000CD285 /* Build configuration list for PBXNativeTarget "YouthHostelsLombardyTests" */;
			buildPhases = (
				E7C8FB231B0799D5000CD285 /* Sources */,
				E7C8FB241B0799D5000CD285 /* Frameworks */,
				E7C8FB251B0799D5000CD285 /* Resources */,
			);
			buildRules = (
			);
			dependencies = (
				E7C8FB291B0799D5000CD285 /* PBXTargetDependency */,
			);
			name = YouthHostelsLombardyTests;
			productName = YouthHostelsLombardyTests;
			productReference = E7C8FB271B0799D5000CD285 /* YouthHostelsLombardyTests.xctest */;
			productType = "com.apple.product-type.bundle.unit-test";
		};
/* End PBXNativeTarget section */

/* Begin PBXProject section */
		E7C8FB061B0799D5000CD285 /* Project object */ = {
			isa = PBXProject;
			attributes = {
				LastUpgradeCheck = 0630;
				ORGANIZATIONNAME = pierangelo;
				TargetAttributes = {
					E7C8FB0D1B0799D5000CD285 = {
						CreatedOnToolsVersion = 6.3.1;
					};
					E7C8FB261B0799D5000CD285 = {
						CreatedOnToolsVersion = 6.3.1;
						TestTargetID = E7C8FB0D1B0799D5000CD285;
					};
				};
			};
			buildConfigurationList = E7C8FB091B0799D5000CD285 /* Build configuration list for PBXProject "YouthHostelsLombardy" */;
			compatibilityVersion = "Xcode 3.2";
			developmentRegion = English;
			hasScannedForEncodings = 0;
			knownRegions = (
				en,
				Base,
			);
			mainGroup = E7C8FB051B0799D5000CD285;
			productRefGroup = E7C8FB0F1B0799D5000CD285 /* Products */;
			projectDirPath = "";
			projectRoot = "";
			targets = (
				E7C8FB0D1B0799D5000CD285 /* YouthHostelsLombardy */,
				E7C8FB261B0799D5000CD285 /* YouthHostelsLombardyTests */,
			);
		};
/* End PBXProject section */

/* Begin PBXResourcesBuildPhase section */
		E7C8FB0C1B0799D5000CD285 /* Resources */ = {
			isa = PBXResourcesBuildPhase;
			buildActionMask = 2147483647;
			files = (
				E7C8FB391B079FB6000CD285 /* location.png in Resources */,
				E7C8FB1D1B0799D5000CD285 /* Main.storyboard in Resources */,
				E7C8FB221B0799D5000CD285 /* LaunchScreen.xib in Resources */,
				E7C8FB1F1B0799D5000CD285 /* Images.xcassets in Resources */,
			);
			runOnlyForDeploymentPostprocessing = 0;
		};
		E7C8FB251B0799D5000CD285 /* Resources */ = {
			isa = PBXResourcesBuildPhase;
			buildActionMask = 2147483647;
			files = (
			);
			runOnlyForDeploymentPostprocessing = 0;
		};
/* End PBXResourcesBuildPhase section */

/* Begin PBXSourcesBuildPhase section */
		E7C8FB0A1B0799D5000CD285 /* Sources */ = {
			isa = PBXSourcesBuildPhase;
			buildActionMask = 2147483647;
			files = (
				E7C8FB1A1B0799D5000CD285 /* ViewController.m in Sources */,
				E7C8FB171B0799D5000CD285 /* AppDelegate.m in Sources */,
				E7C8FB141B0799D5000CD285 /* main.m in Sources */,
				E7C8FB3C1B07A278000CD285 /* DetailViewController.m in Sources */,
				E7C304AD1B0BC13200234587 /* MapAnnotation.m in Sources */,
			);
			runOnlyForDeploymentPostprocessing = 0;
		};
		E7C8FB231B0799D5000CD285 /* Sources */ = {
			isa = PBXSourcesBuildPhase;
			buildActionMask = 2147483647;
			files = (
				E7C8FB2E1B0799D5000CD285 /* YouthHostelsLombardyTests.m in Sources */,
			);
			runOnlyForDeploymentPostprocessing = 0;
		};
/* End PBXSourcesBuildPhase section */

/* Begin PBXTargetDependency section */
		E7C8FB291B0799D5000CD285 /* PBXTargetDependency */ = {
			isa = PBXTargetDependency;
			target = E7C8FB0D1B0799D5000CD285 /* YouthHostelsLombardy */;
			targetProxy = E7C8FB281B0799D5000CD285 /* PBXContainerItemProxy */;
		};
/* End PBXTargetDependency section */

/* Begin PBXVariantGroup section */
		E7C8FB1B1B0799D5000CD285 /* Main.storyboard */ = {
			isa = PBXVariantGroup;
			children = (
				E7C8FB1C1B0799D5000CD285 /* Base */,
			);
			name = Main.storyboard;
			sourceTree = "<group>";
		};
		E7C8FB201B0799D5000CD285 /* LaunchScreen.xib */ = {
			isa = PBXVariantGroup;
			children = (
				E7C8FB211B0799D5000CD285 /* Base */,
			);
			name = LaunchScreen.xib;
			sourceTree = "<group>";
		};
/* End PBXVariantGroup section */

/* Begin XCBuildConfiguration section */
		E7C8FB2F1B0799D5000CD285 /* Debug */ = {
			isa = XCBuildConfiguration;
			buildSettings = {
				ALWAYS_SEARCH_USER_PATHS = NO;
				CLANG_CXX_LANGUAGE_STANDARD = "gnu++0x";
				CLANG_CXX_LIBRARY = "libc++";
				CLANG_ENABLE_MODULES = YES;
				CLANG_ENABLE_OBJC_ARC = YES;
				CLANG_WARN_BOOL_CONVERSION = YES;
				CLANG_WARN_CONSTANT_CONVERSION = YES;
				CLANG_WARN_DIRECT_OBJC_ISA_USAGE = YES_ERROR;
				CLANG_WARN_EMPTY_BODY = YES;
				CLANG_WARN_ENUM_CONVERSION = YES;
				CLANG_WARN_INT_CONVERSION = YES;
				CLANG_WARN_OBJC_ROOT_CLASS = YES_ERROR;
				CLANG_WARN_UNREACHABLE_CODE = YES;
				CLANG_WARN__DUPLICATE_METHOD_MATCH = YES;
				"CODE_SIGN_IDENTITY[sdk=iphoneos*]" = "iPhone Developer";
				COPY_PHASE_STRIP = NO;
				DEBUG_INFORMATION_FORMAT = "dwarf-with-dsym";
				ENABLE_STRICT_OBJC_MSGSEND = YES;
				GCC_C_LANGUAGE_STANDARD = gnu99;
				GCC_DYNAMIC_NO_PIC = NO;
				GCC_NO_COMMON_BLOCKS = YES;
				GCC_OPTIMIZATION_LEVEL = 0;
				GCC_PREPROCESSOR_DEFINITIONS = (
					"DEBUG=1",
					"$(inherited)",
				);
				GCC_SYMBOLS_PRIVATE_EXTERN = NO;
				GCC_WARN_64_TO_32_BIT_CONVERSION = YES;
				GCC_WARN_ABOUT_RETURN_TYPE = YES_ERROR;
				GCC_WARN_UNDECLARED_SELECTOR = YES;
				GCC_WARN_UNINITIALIZED_AUTOS = YES_AGGRESSIVE;
				GCC_WARN_UNUSED_FUNCTION = YES;
				GCC_WARN_UNUSED_VARIABLE = YES;
				IPHONEOS_DEPLOYMENT_TARGET = 8.3;
				MTL_ENABLE_DEBUG_INFO = YES;
				ONLY_ACTIVE_ARCH = YES;
				SDKROOT = iphoneos;
				TARGETED_DEVICE_FAMILY = "1,2";
			};
			name = Debug;
		};
		E7C8FB301B0799D5000CD285 /* Release */ = {
			isa = XCBuildConfiguration;
			buildSettings = {
				ALWAYS_SEARCH_USER_PATHS = NO;
				CLANG_CXX_LANGUAGE_STANDARD = "gnu++0x";
				CLANG_CXX_LIBRARY = "libc++";
				CLANG_ENABLE_MODULES = YES;
				CLANG_ENABLE_OBJC_ARC = YES;
				CLANG_WARN_BOOL_CONVERSION = YES;
				CLANG_WARN_CONSTANT_CONVERSION = YES;
				CLANG_WARN_DIRECT_OBJC_ISA_USAGE = YES_ERROR;
				CLANG_WARN_EMPTY_BODY = YES;
				CLANG_WARN_ENUM_CONVERSION = YES;
				CLANG_WARN_INT_CONVERSION = YES;
				CLANG_WARN_OBJC_ROOT_CLASS = YES_ERROR;
				CLANG_WARN_UNREACHABLE_CODE = YES;
				CLANG_WARN__DUPLICATE_METHOD_MATCH = YES;
				"CODE_SIGN_IDENTITY[sdk=iphoneos*]" = "iPhone Developer";
				COPY_PHASE_STRIP = NO;
				DEBUG_INFORMATION_FORMAT = "dwarf-with-dsym";
				ENABLE_NS_ASSERTIONS = NO;
				ENABLE_STRICT_OBJC_MSGSEND = YES;
				GCC_C_LANGUAGE_STANDARD = gnu99;
				GCC_NO_COMMON_BLOCKS = YES;
				GCC_WARN_64_TO_32_BIT_CONVERSION = YES;
				GCC_WARN_ABOUT_RETURN_TYPE = YES_ERROR;
				GCC_WARN_UNDECLARED_SELECTOR = YES;
				GCC_WARN_UNINITIALIZED_AUTOS = YES_AGGRESSIVE;
				GCC_WARN_UNUSED_FUNCTION = YES;
				GCC_WARN_UNUSED_VARIABLE = YES;
				IPHONEOS_DEPLOYMENT_TARGET = 8.3;
				MTL_ENABLE_DEBUG_INFO = NO;
				SDKROOT = iphoneos;
				TARGETED_DEVICE_FAMILY = "1,2";
				VALIDATE_PRODUCT = YES;
			};
			name = Release;
		};
		E7C8FB321B0799D5000CD285 /* Debug */ = {
			isa = XCBuildConfiguration;
			buildSettings = {
				ASSETCATALOG_COMPILER_APPICON_NAME = AppIcon;
				INFOPLIST_FILE = YouthHostelsLombardy/Info.plist;
				LD_RUNPATH_SEARCH_PATHS = "$(inherited) @executable_path/Frameworks";
				PRODUCT_NAME = "$(TARGET_NAME)";
			};
			name = Debug;
		};
		E7C8FB331B0799D5000CD285 /* Release */ = {
			isa = XCBuildConfiguration;
			buildSettings = {
				ASSETCATALOG_COMPILER_APPICON_NAME = AppIcon;
				INFOPLIST_FILE = YouthHostelsLombardy/Info.plist;
				LD_RUNPATH_SEARCH_PATHS = "$(inherited) @executable_path/Frameworks";
				PRODUCT_NAME = "$(TARGET_NAME)";
			};
			name = Release;
		};
		E7C8FB351B0799D5000CD285 /* Debug */ = {
			isa = XCBuildConfiguration;
			buildSettings = {
				BUNDLE_LOADER = "$(TEST_HOST)";
				FRAMEWORK_SEARCH_PATHS = (
					"$(SDKROOT)/Developer/Library/Frameworks",
					"$(inherited)",
				);
				GCC_PREPROCESSOR_DEFINITIONS = (
					"DEBUG=1",
					"$(inherited)",
				);
				INFOPLIST_FILE = YouthHostelsLombardyTests/Info.plist;
				LD_RUNPATH_SEARCH_PATHS = "$(inherited) @executable_path/Frameworks @loader_path/Frameworks";
				PRODUCT_NAME = "$(TARGET_NAME)";
				TEST_HOST = "$(BUILT_PRODUCTS_DIR)/YouthHostelsLombardy.app/YouthHostelsLombardy";
			};
			name = Debug;
		};
		E7C8FB361B0799D5000CD285 /* Release */ = {
			isa = XCBuildConfiguration;
			buildSettings = {
				BUNDLE_LOADER = "$(TEST_HOST)";
				FRAMEWORK_SEARCH_PATHS = (
					"$(SDKROOT)/Developer/Library/Frameworks",
					"$(inherited)",
				);
				INFOPLIST_FILE = YouthHostelsLombardyTests/Info.plist;
				LD_RUNPATH_SEARCH_PATHS = "$(inherited) @executable_path/Frameworks @loader_path/Frameworks";
				PRODUCT_NAME = "$(TARGET_NAME)";
				TEST_HOST = "$(BUILT_PRODUCTS_DIR)/YouthHostelsLombardy.app/YouthHostelsLombardy";
			};
			name = Release;
		};
/* End XCBuildConfiguration section */

/* Begin XCConfigurationList section */
		E7C8FB091B0799D5000CD285 /* Build configuration list for PBXProject "YouthHostelsLombardy" */ = {
			isa = XCConfigurationList;
			buildConfigurations = (
				E7C8FB2F1B0799D5000CD285 /* Debug */,
				E7C8FB301B0799D5000CD285 /* Release */,
			);
			defaultConfigurationIsVisible = 0;
			defaultConfigurationName = Release;
		};
		E7C8FB311B0799D5000CD285 /* Build configuration list for PBXNativeTarget "YouthHostelsLombardy" */ = {
			isa = XCConfigurationList;
			buildConfigurations = (
				E7C8FB321B0799D5000CD285 /* Debug */,
				E7C8FB331B0799D5000CD285 /* Release */,
			);
			defaultConfigurationIsVisible = 0;
			defaultConfigurationName = Release;
		};
		E7C8FB341B0799D5000CD285 /* Build configuration list for PBXNativeTarget "YouthHostelsLombardyTests" */ = {
			isa = XCConfigurationList;
			buildConfigurations = (
				E7C8FB351B0799D5000CD285 /* Debug */,
				E7C8FB361B0799D5000CD285 /* Release */,
			);
			defaultConfigurationIsVisible = 0;
			defaultConfigurationName = Release;
		};
/* End XCConfigurationList section */
	};
	rootObject = E7C8FB061B0799D5000CD285 /* Project object */;
}
